Microsoft Visual Studio Solution File, Format Version 12.00
# Visual Studio Version 17
VisualStudioVersion = 17.13.35818.85
MinimumVisualStudioVersion = 10.0.40219.1
Project("{FAE04EC0-301F-11D3-BF4B-00C04F79EFBC}") = "BL", "BL\BL.csproj", "{DB256C0A-3D0B-4CBC-931B-04F43C3AFE9A}"
EndProject
Global
	GlobalSection(SolutionConfigurationPlatforms) = preSolution
		Debug|Any CPU = Debug|Any CPU
		Release|Any CPU = Release|Any CPU
	EndGlobalSection
	GlobalSection(ProjectConfigurationPlatforms) = postSolution
		{DB256C0A-3D0B-4CBC-931B-04F43C3AFE9A}.Debug|Any CPU.ActiveCfg = Debug|Any CPU
		{DB256C0A-3D0B-4CBC-931B-04F43C3AFE9A}.Debug|Any CPU.Build.0 = Debug|Any CPU
		{DB256C0A-3D0B-4CBC-931B-04F43C3AFE9A}.Release|Any CPU.ActiveCfg = Release|Any CPU
		{DB256C0A-3D0B-4CBC-931B-04F43C3AFE9A}.Release|Any CPU.Build.0 = Release|Any CPU
	EndGlobalSection
	GlobalSection(SolutionProperties) = preSolution
		HideSolutionNode = FALSE
	EndGlobalSection
	GlobalSection(ExtensibilityGlobals) = postSolution
		SolutionGuid = {2D4E732D-FF00-422F-9091-CC8559803C30}
	EndGlobalSection
EndGlobal
